// !$*UTF8*$!
{
	archiveVersion = 1;
	classes = {
	};
	objectVersion = 46;
	objects = {

/* Begin PBXBuildFile section */
		4931A1871945C0DF00186F04 /* Cell.swift in Sources */ = {isa = PBXBuildFile; fileRef = 4931A17B1945C0DF00186F04 /* Cell.swift */; };
		4931A1881945C0DF00186F04 /* CellNeighborhood.swift in Sources */ = {isa = PBXBuildFile; fileRef = 4931A17C1945C0DF00186F04 /* CellNeighborhood.swift */; };
		4931A1891945C0DF00186F04 /* CellState.swift in Sources */ = {isa = PBXBuildFile; fileRef = 4931A17D1945C0DF00186F04 /* CellState.swift */; };
		4931A18A1945C0DF00186F04 /* Dimensions.swift in Sources */ = {isa = PBXBuildFile; fileRef = 4931A17E1945C0DF00186F04 /* Dimensions.swift */; };
		4931A18B1945C0DF00186F04 /* Figure.swift in Sources */ = {isa = PBXBuildFile; fileRef = 4931A17F1945C0DF00186F04 /* Figure.swift */; };
		4931A18C1945C0DF00186F04 /* Game.swift in Sources */ = {isa = PBXBuildFile; fileRef = 4931A1801945C0DF00186F04 /* Game.swift */; };
		4931A18D1945C0DF00186F04 /* GameInitializer.swift in Sources */ = {isa = PBXBuildFile; fileRef = 4931A1811945C0DF00186F04 /* GameInitializer.swift */; };
		4931A18E1945C0DF00186F04 /* GameLoop.swift in Sources */ = {isa = PBXBuildFile; fileRef = 4931A1821945C0DF00186F04 /* GameLoop.swift */; };
		4931A18F1945C0DF00186F04 /* GameStateInitializer.swift in Sources */ = {isa = PBXBuildFile; fileRef = 4931A1831945C0DF00186F04 /* GameStateInitializer.swift */; };
		4931A1901945C0DF00186F04 /* GameStateInitializerStrategy.swift in Sources */ = {isa = PBXBuildFile; fileRef = 4931A1841945C0DF00186F04 /* GameStateInitializerStrategy.swift */; };
		4931A1911945C0DF00186F04 /* Model.swift in Sources */ = {isa = PBXBuildFile; fileRef = 4931A1851945C0DF00186F04 /* Model.swift */; };
		4931A1921945C0DF00186F04 /* NeighborhoodInitializer.swift in Sources */ = {isa = PBXBuildFile; fileRef = 4931A1861945C0DF00186F04 /* NeighborhoodInitializer.swift */; };
		4931A1971945C0F800186F04 /* AllDeadStrategy.swift in Sources */ = {isa = PBXBuildFile; fileRef = 4931A1941945C0F800186F04 /* AllDeadStrategy.swift */; };
		4931A1981945C0F800186F04 /* GameStateInitializerStrategies.swift in Sources */ = {isa = PBXBuildFile; fileRef = 4931A1951945C0F800186F04 /* GameStateInitializerStrategies.swift */; };
		4931A1991945C0F800186F04 /* RandomStrategy.swift in Sources */ = {isa = PBXBuildFile; fileRef = 4931A1961945C0F800186F04 /* RandomStrategy.swift */; };
		49914B0B1945C12F00C343DF /* README.md in Sources */ = {isa = PBXBuildFile; fileRef = 49914B091945C12F00C343DF /* README.md */; };
		49914B0C1945C12F00C343DF /* uncrustify.cfg in Resources */ = {isa = PBXBuildFile; fileRef = 49914B0A1945C12F00C343DF /* uncrustify.cfg */; };
		49F689AF1945B36000463EE2 /* AppDelegate.swift in Sources */ = {isa = PBXBuildFile; fileRef = 49F689AE1945B36000463EE2 /* AppDelegate.swift */; };
		49F689B11945B36000463EE2 /* GameViewController.swift in Sources */ = {isa = PBXBuildFile; fileRef = 49F689B01945B36000463EE2 /* GameViewController.swift */; };
		49F689B41945B36000463EE2 /* Main.storyboard in Resources */ = {isa = PBXBuildFile; fileRef = 49F689B21945B36000463EE2 /* Main.storyboard */; };
		49F689B61945B36000463EE2 /* Images.xcassets in Resources */ = {isa = PBXBuildFile; fileRef = 49F689B51945B36000463EE2 /* Images.xcassets */; };
		49F689C21945B36000463EE2 /* GoLTests.swift in Sources */ = {isa = PBXBuildFile; fileRef = 49F689C11945B36000463EE2 /* GoLTests.swift */; };
/* End PBXBuildFile section */

/* Begin PBXContainerItemProxy section */
		49F689BC1945B36000463EE2 /* PBXContainerItemProxy */ = {
			isa = PBXContainerItemProxy;
			containerPortal = 49F689A11945B36000463EE2 /* Project object */;
			proxyType = 1;
			remoteGlobalIDString = 49F689A81945B36000463EE2;
			remoteInfo = GoL;
		};
/* End PBXContainerItemProxy section */

/* Begin PBXFileReference section */
		4931A17B1945C0DF00186F04 /* Cell.swift */ = {isa = PBXFileReference; fileEncoding = 4; lastKnownFileType = sourcecode.swift; name = Cell.swift; path = Model/Cell.swift; sourceTree = "<group>"; };
		4931A17C1945C0DF00186F04 /* CellNeighborhood.swift */ = {isa = PBXFileReference; fileEncoding = 4; lastKnownFileType = sourcecode.swift; name = CellNeighborhood.swift; path = Model/CellNeighborhood.swift; sourceTree = "<group>"; };
		4931A17D1945C0DF00186F04 /* CellState.swift */ = {isa = PBXFileReference; fileEncoding = 4; lastKnownFileType = sourcecode.swift; name = CellState.swift; path = Model/CellState.swift; sourceTree = "<group>"; };
		4931A17E1945C0DF00186F04 /* Dimensions.swift */ = {isa = PBXFileReference; fileEncoding = 4; lastKnownFileType = sourcecode.swift; name = Dimensions.swift; path = Model/Dimensions.swift; sourceTree = "<group>"; };
		4931A17F1945C0DF00186F04 /* Figure.swift */ = {isa = PBXFileReference; fileEncoding = 4; lastKnownFileType = sourcecode.swift; name = Figure.swift; path = Model/Figure.swift; sourceTree = "<group>"; };
		4931A1801945C0DF00186F04 /* Game.swift */ = {isa = PBXFileReference; fileEncoding = 4; lastKnownFileType = sourcecode.swift; name = Game.swift; path = Model/Game.swift; sourceTree = "<group>"; };
		4931A1811945C0DF00186F04 /* GameInitializer.swift */ = {isa = PBXFileReference; fileEncoding = 4; lastKnownFileType = sourcecode.swift; name = GameInitializer.swift; path = Model/GameInitializer.swift; sourceTree = "<group>"; };
		4931A1821945C0DF00186F04 /* GameLoop.swift */ = {isa = PBXFileReference; fileEncoding = 4; lastKnownFileType = sourcecode.swift; name = GameLoop.swift; path = Model/GameLoop.swift; sourceTree = "<group>"; };
		4931A1831945C0DF00186F04 /* GameStateInitializer.swift */ = {isa = PBXFileReference; fileEncoding = 4; lastKnownFileType = sourcecode.swift; name = GameStateInitializer.swift; path = Model/GameStateInitializer.swift; sourceTree = "<group>"; };
		4931A1841945C0DF00186F04 /* GameStateInitializerStrategy.swift */ = {isa = PBXFileReference; fileEncoding = 4; lastKnownFileType = sourcecode.swift; name = GameStateInitializerStrategy.swift; path = Model/GameStateInitializerStrategy.swift; sourceTree = "<group>"; };
		4931A1851945C0DF00186F04 /* Model.swift */ = {isa = PBXFileReference; fileEncoding = 4; lastKnownFileType = sourcecode.swift; name = Model.swift; path = Model/Model.swift; sourceTree = "<group>"; };
		4931A1861945C0DF00186F04 /* NeighborhoodInitializer.swift */ = {isa = PBXFileReference; fileEncoding = 4; lastKnownFileType = sourcecode.swift; name = NeighborhoodInitializer.swift; path = Model/NeighborhoodInitializer.swift; sourceTree = "<group>"; };
		4931A1941945C0F800186F04 /* AllDeadStrategy.swift */ = {isa = PBXFileReference; fileEncoding = 4; lastKnownFileType = sourcecode.swift; name = AllDeadStrategy.swift; path = Model/GameStateInitializerStrategies/AllDeadStrategy.swift; sourceTree = "<group>"; };
		4931A1951945C0F800186F04 /* GameStateInitializerStrategies.swift */ = {isa = PBXFileReference; fileEncoding = 4; lastKnownFileType = sourcecode.swift; name = GameStateInitializerStrategies.swift; path = Model/GameStateInitializerStrategies/GameStateInitializerStrategies.swift; sourceTree = "<group>"; };
		4931A1961945C0F800186F04 /* RandomStrategy.swift */ = {isa = PBXFileReference; fileEncoding = 4; lastKnownFileType = sourcecode.swift; name = RandomStrategy.swift; path = Model/GameStateInitializerStrategies/RandomStrategy.swift; sourceTree = "<group>"; };
		49914B091945C12F00C343DF /* README.md */ = {isa = PBXFileReference; fileEncoding = 4; lastKnownFileType = net.daringfireball.markdown; path = README.md; sourceTree = "<group>"; };
		49914B0A1945C12F00C343DF /* uncrustify.cfg */ = {isa = PBXFileReference; fileEncoding = 4; lastKnownFileType = text; path = uncrustify.cfg; sourceTree = "<group>"; };
		49F689A91945B36000463EE2 /* GoL.app */ = {isa = PBXFileReference; explicitFileType = wrapper.application; includeInIndex = 0; path = GoL.app; sourceTree = BUILT_PRODUCTS_DIR; };
		49F689AD1945B36000463EE2 /* Info.plist */ = {isa = PBXFileReference; lastKnownFileType = text.plist.xml; path = Info.plist; sourceTree = "<group>"; };
		49F689AE1945B36000463EE2 /* AppDelegate.swift */ = {isa = PBXFileReference; lastKnownFileType = sourcecode.swift; path = AppDelegate.swift; sourceTree = "<group>"; };
		49F689B01945B36000463EE2 /* GameViewController.swift */ = {isa = PBXFileReference; lastKnownFileType = sourcecode.swift; path = GameViewController.swift; sourceTree = "<group>"; };
		49F689B31945B36000463EE2 /* Base */ = {isa = PBXFileReference; lastKnownFileType = file.storyboard; name = Base; path = Base.lproj/Main.storyboard; sourceTree = "<group>"; };
		49F689B51945B36000463EE2 /* Images.xcassets */ = {isa = PBXFileReference; lastKnownFileType = folder.assetcatalog; path = Images.xcassets; sourceTree = "<group>"; };
		49F689BB1945B36000463EE2 /* GoLTests.xctest */ = {isa = PBXFileReference; explicitFileType = wrapper.cfbundle; includeInIndex = 0; path = GoLTests.xctest; sourceTree = BUILT_PRODUCTS_DIR; };
		49F689C01945B36000463EE2 /* Info.plist */ = {isa = PBXFileReference; lastKnownFileType = text.plist.xml; path = Info.plist; sourceTree = "<group>"; };
		49F689C11945B36000463EE2 /* GoLTests.swift */ = {isa = PBXFileReference; lastKnownFileType = sourcecode.swift; path = GoLTests.swift; sourceTree = "<group>"; };
/* End PBXFileReference section */

/* Begin PBXFrameworksBuildPhase section */
		49F689A61945B36000463EE2 /* Frameworks */ = {
			isa = PBXFrameworksBuildPhase;
			buildActionMask = 2147483647;
			files = (
			);
			runOnlyForDeploymentPostprocessing = 0;
		};
		49F689B81945B36000463EE2 /* Frameworks */ = {
			isa = PBXFrameworksBuildPhase;
			buildActionMask = 2147483647;
			files = (
			);
			runOnlyForDeploymentPostprocessing = 0;
		};
/* End PBXFrameworksBuildPhase section */

/* Begin PBXGroup section */
		4931A17A1945C0C800186F04 /* Model */ = {
			isa = PBXGroup;
			children = (
				4931A1931945C0E400186F04 /* GameStateInitializerStrategies */,
				4931A17B1945C0DF00186F04 /* Cell.swift */,
				4931A17C1945C0DF00186F04 /* CellNeighborhood.swift */,
				4931A17D1945C0DF00186F04 /* CellState.swift */,
				4931A17E1945C0DF00186F04 /* Dimensions.swift */,
				4931A17F1945C0DF00186F04 /* Figure.swift */,
				4931A1801945C0DF00186F04 /* Game.swift */,
				4931A1811945C0DF00186F04 /* GameInitializer.swift */,
				4931A1821945C0DF00186F04 /* GameLoop.swift */,
				4931A1831945C0DF00186F04 /* GameStateInitializer.swift */,
				4931A1841945C0DF00186F04 /* GameStateInitializerStrategy.swift */,
				4931A1851945C0DF00186F04 /* Model.swift */,
				4931A1861945C0DF00186F04 /* NeighborhoodInitializer.swift */,
			);
			name = Model;
			sourceTree = "<group>";
		};
		4931A1931945C0E400186F04 /* GameStateInitializerStrategies */ = {
			isa = PBXGroup;
			children = (
				4931A1941945C0F800186F04 /* AllDeadStrategy.swift */,
				4931A1951945C0F800186F04 /* GameStateInitializerStrategies.swift */,
				4931A1961945C0F800186F04 /* RandomStrategy.swift */,
			);
			name = GameStateInitializerStrategies;
			sourceTree = "<group>";
		};
		49F689A01945B36000463EE2 = {
			isa = PBXGroup;
			children = (
				49914B091945C12F00C343DF /* README.md */,
				49914B0A1945C12F00C343DF /* uncrustify.cfg */,
				49F689AB1945B36000463EE2 /* GoL */,
				49F689BE1945B36000463EE2 /* GoLTests */,
				49F689AA1945B36000463EE2 /* Products */,
			);
			sourceTree = "<group>";
		};
		49F689AA1945B36000463EE2 /* Products */ = {
			isa = PBXGroup;
			children = (
				49F689A91945B36000463EE2 /* GoL.app */,
				49F689BB1945B36000463EE2 /* GoLTests.xctest */,
			);
			name = Products;
			sourceTree = "<group>";
		};
		49F689AB1945B36000463EE2 /* GoL */ = {
			isa = PBXGroup;
			children = (
				4931A17A1945C0C800186F04 /* Model */,
				49F689AE1945B36000463EE2 /* AppDelegate.swift */,
				49F689B01945B36000463EE2 /* GameViewController.swift */,
				49F689B21945B36000463EE2 /* Main.storyboard */,
				49F689B51945B36000463EE2 /* Images.xcassets */,
				49F689AC1945B36000463EE2 /* Supporting Files */,
			);
			path = GoL;
			sourceTree = "<group>";
		};
		49F689AC1945B36000463EE2 /* Supporting Files */ = {
			isa = PBXGroup;
			children = (
				49F689AD1945B36000463EE2 /* Info.plist */,
			);
			name = "Supporting Files";
			sourceTree = "<group>";
		};
		49F689BE1945B36000463EE2 /* GoLTests */ = {
			isa = PBXGroup;
			children = (
				49F689C11945B36000463EE2 /* GoLTests.swift */,
				49F689BF1945B36000463EE2 /* Supporting Files */,
			);
			path = GoLTests;
			sourceTree = "<group>";
		};
		49F689BF1945B36000463EE2 /* Supporting Files */ = {
			isa = PBXGroup;
			children = (
				49F689C01945B36000463EE2 /* Info.plist */,
			);
			name = "Supporting Files";
			sourceTree = "<group>";
		};
/* End PBXGroup section */

/* Begin PBXNativeTarget section */
		49F689A81945B36000463EE2 /* GoL */ = {
			isa = PBXNativeTarget;
			buildConfigurationList = 49F689C51945B36000463EE2 /* Build configuration list for PBXNativeTarget "GoL" */;
			buildPhases = (
				49F689A51945B36000463EE2 /* Sources */,
				49F689A61945B36000463EE2 /* Frameworks */,
				49F689A71945B36000463EE2 /* Resources */,
			);
			buildRules = (
			);
			dependencies = (
			);
			name = GoL;
			productName = GoL;
			productReference = 49F689A91945B36000463EE2 /* GoL.app */;
			productType = "com.apple.product-type.application";
		};
		49F689BA1945B36000463EE2 /* GoLTests */ = {
			isa = PBXNativeTarget;
			buildConfigurationList = 49F689C81945B36000463EE2 /* Build configuration list for PBXNativeTarget "GoLTests" */;
			buildPhases = (
				49F689B71945B36000463EE2 /* Sources */,
				49F689B81945B36000463EE2 /* Frameworks */,
				49F689B91945B36000463EE2 /* Resources */,
			);
			buildRules = (
			);
			dependencies = (
				49F689BD1945B36000463EE2 /* PBXTargetDependency */,
			);
			name = GoLTests;
			productName = GoLTests;
			productReference = 49F689BB1945B36000463EE2 /* GoLTests.xctest */;
			productType = "com.apple.product-type.bundle.unit-test";
		};
/* End PBXNativeTarget section */

/* Begin PBXProject section */
		49F689A11945B36000463EE2 /* Project object */ = {
			isa = PBXProject;
			attributes = {
				LastUpgradeCheck = 0600;
				ORGANIZATIONNAME = "SchoMa Entertainment";
				TargetAttributes = {
					49F689A81945B36000463EE2 = {
						CreatedOnToolsVersion = 6.0;
					};
					49F689BA1945B36000463EE2 = {
						CreatedOnToolsVersion = 6.0;
						TestTargetID = 49F689A81945B36000463EE2;
					};
				};
			};
			buildConfigurationList = 49F689A41945B36000463EE2 /* Build configuration list for PBXProject "GoL" */;
			compatibilityVersion = "Xcode 3.2";
			developmentRegion = English;
			hasScannedForEncodings = 0;
			knownRegions = (
				en,
				Base,
			);
			mainGroup = 49F689A01945B36000463EE2;
			productRefGroup = 49F689AA1945B36000463EE2 /* Products */;
			projectDirPath = "";
			projectRoot = "";
			targets = (
				49F689A81945B36000463EE2 /* GoL */,
				49F689BA1945B36000463EE2 /* GoLTests */,
			);
		};
/* End PBXProject section */

/* Begin PBXResourcesBuildPhase section */
		49F689A71945B36000463EE2 /* Resources */ = {
			isa = PBXResourcesBuildPhase;
			buildActionMask = 2147483647;
			files = (
				49F689B41945B36000463EE2 /* Main.storyboard in Resources */,
				49914B0C1945C12F00C343DF /* uncrustify.cfg in Resources */,
				49F689B61945B36000463EE2 /* Images.xcassets in Resources */,
			);
			runOnlyForDeploymentPostprocessing = 0;
		};
		49F689B91945B36000463EE2 /* Resources */ = {
			isa = PBXResourcesBuildPhase;
			buildActionMask = 2147483647;
			files = (
			);
			runOnlyForDeploymentPostprocessing = 0;
		};
/* End PBXResourcesBuildPhase section */

/* Begin PBXSourcesBuildPhase section */
		49F689A51945B36000463EE2 /* Sources */ = {
			isa = PBXSourcesBuildPhase;
			buildActionMask = 2147483647;
			files = (
				4931A1921945C0DF00186F04 /* NeighborhoodInitializer.swift in Sources */,
				49F689B11945B36000463EE2 /* GameViewController.swift in Sources */,
				4931A18D1945C0DF00186F04 /* GameInitializer.swift in Sources */,
				4931A1891945C0DF00186F04 /* CellState.swift in Sources */,
				4931A18B1945C0DF00186F04 /* Figure.swift in Sources */,
				4931A18A1945C0DF00186F04 /* Dimensions.swift in Sources */,
				49914B0B1945C12F00C343DF /* README.md in Sources */,
				4931A18F1945C0DF00186F04 /* GameStateInitializer.swift in Sources */,
				4931A1911945C0DF00186F04 /* Model.swift in Sources */,
				4931A1881945C0DF00186F04 /* CellNeighborhood.swift in Sources */,
				4931A1981945C0F800186F04 /* GameStateInitializerStrategies.swift in Sources */,
				4931A1991945C0F800186F04 /* RandomStrategy.swift in Sources */,
				4931A1901945C0DF00186F04 /* GameStateInitializerStrategy.swift in Sources */,
				49F689AF1945B36000463EE2 /* AppDelegate.swift in Sources */,
				4931A18E1945C0DF00186F04 /* GameLoop.swift in Sources */,
				4931A1971945C0F800186F04 /* AllDeadStrategy.swift in Sources */,
				4931A1871945C0DF00186F04 /* Cell.swift in Sources */,
				4931A18C1945C0DF00186F04 /* Game.swift in Sources */,
			);
			runOnlyForDeploymentPostprocessing = 0;
		};
		49F689B71945B36000463EE2 /* Sources */ = {
			isa = PBXSourcesBuildPhase;
			buildActionMask = 2147483647;
			files = (
				49F689C21945B36000463EE2 /* GoLTests.swift in Sources */,
			);
			runOnlyForDeploymentPostprocessing = 0;
		};
/* End PBXSourcesBuildPhase section */

/* Begin PBXTargetDependency section */
		49F689BD1945B36000463EE2 /* PBXTargetDependency */ = {
			isa = PBXTargetDependency;
			target = 49F689A81945B36000463EE2 /* GoL */;
			targetProxy = 49F689BC1945B36000463EE2 /* PBXContainerItemProxy */;
		};
/* End PBXTargetDependency section */

/* Begin PBXVariantGroup section */
		49F689B21945B36000463EE2 /* Main.storyboard */ = {
			isa = PBXVariantGroup;
			children = (
				49F689B31945B36000463EE2 /* Base */,
			);
			name = Main.storyboard;
			sourceTree = "<group>";
		};
/* End PBXVariantGroup section */

/* Begin XCBuildConfiguration section */
		49F689C31945B36000463EE2 /* Debug */ = {
			isa = XCBuildConfiguration;
			buildSettings = {
				ALWAYS_SEARCH_USER_PATHS = NO;
				CLANG_CXX_LANGUAGE_STANDARD = "gnu++0x";
				CLANG_CXX_LIBRARY = "libc++";
				CLANG_ENABLE_MODULES = YES;
				CLANG_ENABLE_OBJC_ARC = YES;
				CLANG_WARN_BOOL_CONVERSION = YES;
				CLANG_WARN_CONSTANT_CONVERSION = YES;
				CLANG_WARN_DIRECT_OBJC_ISA_USAGE = YES_ERROR;
				CLANG_WARN_EMPTY_BODY = YES;
				CLANG_WARN_ENUM_CONVERSION = YES;
				CLANG_WARN_INT_CONVERSION = YES;
				CLANG_WARN_OBJC_ROOT_CLASS = YES_ERROR;
				CLANG_WARN_UNREACHABLE_CODE = YES;
				CLANG_WARN__DUPLICATE_METHOD_MATCH = YES;
				"CODE_SIGN_IDENTITY[sdk=iphoneos*]" = "iPhone Developer";
				COPY_PHASE_STRIP = NO;
				ENABLE_STRICT_OBJC_MSGSEND = YES;
				GCC_C_LANGUAGE_STANDARD = gnu99;
				GCC_DYNAMIC_NO_PIC = NO;
				GCC_OPTIMIZATION_LEVEL = 0;
				GCC_PREPROCESSOR_DEFINITIONS = (
					"DEBUG=1",
					"$(inherited)",
				);
				GCC_SYMBOLS_PRIVATE_EXTERN = NO;
				GCC_WARN_64_TO_32_BIT_CONVERSION = YES;
				GCC_WARN_ABOUT_RETURN_TYPE = YES_ERROR;
				GCC_WARN_UNDECLARED_SELECTOR = YES;
				GCC_WARN_UNINITIALIZED_AUTOS = YES_AGGRESSIVE;
				GCC_WARN_UNUSED_FUNCTION = YES;
				GCC_WARN_UNUSED_VARIABLE = YES;
				IPHONEOS_DEPLOYMENT_TARGET = 8.0;
				METAL_ENABLE_DEBUG_INFO = YES;
				ONLY_ACTIVE_ARCH = YES;
				SDKROOT = iphoneos;
				SWIFT_OPTIMIZATION_LEVEL = "-Onone";
				TARGETED_DEVICE_FAMILY = "1,2";
			};
			name = Debug;
		};
		49F689C41945B36000463EE2 /* Release */ = {
			isa = XCBuildConfiguration;
			buildSettings = {
				ALWAYS_SEARCH_USER_PATHS = NO;
				CLANG_CXX_LANGUAGE_STANDARD = "gnu++0x";
				CLANG_CXX_LIBRARY = "libc++";
				CLANG_ENABLE_MODULES = YES;
				CLANG_ENABLE_OBJC_ARC = YES;
				CLANG_WARN_BOOL_CONVERSION = YES;
				CLANG_WARN_CONSTANT_CONVERSION = YES;
				CLANG_WARN_DIRECT_OBJC_ISA_USAGE = YES_ERROR;
				CLANG_WARN_EMPTY_BODY = YES;
				CLANG_WARN_ENUM_CONVERSION = YES;
				CLANG_WARN_INT_CONVERSION = YES;
				CLANG_WARN_OBJC_ROOT_CLASS = YES_ERROR;
				CLANG_WARN_UNREACHABLE_CODE = YES;
				CLANG_WARN__DUPLICATE_METHOD_MATCH = YES;
				"CODE_SIGN_IDENTITY[sdk=iphoneos*]" = "iPhone Developer";
				COPY_PHASE_STRIP = YES;
				ENABLE_NS_ASSERTIONS = NO;
				ENABLE_STRICT_OBJC_MSGSEND = YES;
				GCC_C_LANGUAGE_STANDARD = gnu99;
				GCC_WARN_64_TO_32_BIT_CONVERSION = YES;
				GCC_WARN_ABOUT_RETURN_TYPE = YES_ERROR;
				GCC_WARN_UNDECLARED_SELECTOR = YES;
				GCC_WARN_UNINITIALIZED_AUTOS = YES_AGGRESSIVE;
				GCC_WARN_UNUSED_FUNCTION = YES;
				GCC_WARN_UNUSED_VARIABLE = YES;
				IPHONEOS_DEPLOYMENT_TARGET = 8.0;
				METAL_ENABLE_DEBUG_INFO = NO;
				SDKROOT = iphoneos;
				TARGETED_DEVICE_FAMILY = "1,2";
				VALIDATE_PRODUCT = YES;
			};
			name = Release;
		};
		49F689C61945B36000463EE2 /* Debug */ = {
			isa = XCBuildConfiguration;
			buildSettings = {
				ASSETCATALOG_COMPILER_APPICON_NAME = AppIcon;
				ASSETCATALOG_COMPILER_LAUNCHIMAGE_NAME = LaunchImage;
				INFOPLIST_FILE = GoL/Info.plist;
				LD_RUNPATH_SEARCH_PATHS = "$(inherited) @executable_path/Frameworks";
				PRODUCT_NAME = "$(TARGET_NAME)";
				TARGETED_DEVICE_FAMILY = 1;
			};
			name = Debug;
		};
		49F689C71945B36000463EE2 /* Release */ = {
			isa = XCBuildConfiguration;
			buildSettings = {
				ASSETCATALOG_COMPILER_APPICON_NAME = AppIcon;
				ASSETCATALOG_COMPILER_LAUNCHIMAGE_NAME = LaunchImage;
				INFOPLIST_FILE = GoL/Info.plist;
				LD_RUNPATH_SEARCH_PATHS = "$(inherited) @executable_path/Frameworks";
				PRODUCT_NAME = "$(TARGET_NAME)";
				TARGETED_DEVICE_FAMILY = 1;
			};
			name = Release;
		};
		49F689C91945B36000463EE2 /* Debug */ = {
			isa = XCBuildConfiguration;
			buildSettings = {
				BUNDLE_LOADER = "$(BUILT_PRODUCTS_DIR)/GoL.app/GoL";
				FRAMEWORK_SEARCH_PATHS = (
					"$(SDKROOT)/Developer/Library/Frameworks",
					"$(inherited)",
				);
				GCC_PREPROCESSOR_DEFINITIONS = (
					"DEBUG=1",
					"$(inherited)",
				);
				INFOPLIST_FILE = GoLTests/Info.plist;
				LD_RUNPATH_SEARCH_PATHS = "$(inherited) @executable_path/Frameworks @loader_path/Frameworks";
				METAL_ENABLE_DEBUG_INFO = YES;
				PRODUCT_NAME = "$(TARGET_NAME)";
				TEST_HOST = "$(BUNDLE_LOADER)";
			};
			name = Debug;
		};
		49F689CA1945B36000463EE2 /* Release */ = {
			isa = XCBuildConfiguration;
			buildSettings = {
				BUNDLE_LOADER = "$(BUILT_PRODUCTS_DIR)/GoL.app/GoL";
				FRAMEWORK_SEARCH_PATHS = (
					"$(SDKROOT)/Developer/Library/Frameworks",
					"$(inherited)",
				);
				INFOPLIST_FILE = GoLTests/Info.plist;
				LD_RUNPATH_SEARCH_PATHS = "$(inherited) @executable_path/Frameworks @loader_path/Frameworks";
				METAL_ENABLE_DEBUG_INFO = NO;
				PRODUCT_NAME = "$(TARGET_NAME)";
				TEST_HOST = "$(BUNDLE_LOADER)";
			};
			name = Release;
		};
/* End XCBuildConfiguration section */

/* Begin XCConfigurationList section */
		49F689A41945B36000463EE2 /* Build configuration list for PBXProject "GoL" */ = {
			isa = XCConfigurationList;
			buildConfigurations = (
				49F689C31945B36000463EE2 /* Debug */,
				49F689C41945B36000463EE2 /* Release */,
			);
			defaultConfigurationIsVisible = 0;
			defaultConfigurationName = Release;
		};
		49F689C51945B36000463EE2 /* Build configuration list for PBXNativeTarget "GoL" */ = {
			isa = XCConfigurationList;
			buildConfigurations = (
				49F689C61945B36000463EE2 /* Debug */,
				49F689C71945B36000463EE2 /* Release */,
			);
			defaultConfigurationIsVisible = 0;
			defaultConfigurationName = Release;
		};
		49F689C81945B36000463EE2 /* Build configuration list for PBXNativeTarget "GoLTests" */ = {
			isa = XCConfigurationList;
			buildConfigurations = (
				49F689C91945B36000463EE2 /* Debug */,
				49F689CA1945B36000463EE2 /* Release */,
			);
			defaultConfigurationIsVisible = 0;
			defaultConfigurationName = Release;
		};
/* End XCConfigurationList section */
	};
	rootObject = 49F689A11945B36000463EE2 /* Project object */;
}
